// !$*UTF8*$!
{
	archiveVersion = 1;
	classes = {
	};
	objectVersion = 56;
	objects = {

/* Begin PBXBuildFile section */
		8494F92229E7E055003A123A /* AppDelegate.swift in Sources */ = {isa = PBXBuildFile; fileRef = 8494F92129E7E055003A123A /* AppDelegate.swift */; };
		8494F92429E7E055003A123A /* SceneDelegate.swift in Sources */ = {isa = PBXBuildFile; fileRef = 8494F92329E7E055003A123A /* SceneDelegate.swift */; };
		8494F92629E7E055003A123A /* ViewController.swift in Sources */ = {isa = PBXBuildFile; fileRef = 8494F92529E7E055003A123A /* ViewController.swift */; };
		8494F92929E7E055003A123A /* Main.storyboard in Resources */ = {isa = PBXBuildFile; fileRef = 8494F92729E7E055003A123A /* Main.storyboard */; };
		8494F92B29E7E057003A123A /* Assets.xcassets in Resources */ = {isa = PBXBuildFile; fileRef = 8494F92A29E7E057003A123A /* Assets.xcassets */; };
		8494F92E29E7E057003A123A /* LaunchScreen.storyboard in Resources */ = {isa = PBXBuildFile; fileRef = 8494F92C29E7E057003A123A /* LaunchScreen.storyboard */; };
		8494F93929E7E057003A123A /* AppineersCICDTests.swift in Sources */ = {isa = PBXBuildFile; fileRef = 8494F93829E7E057003A123A /* AppineersCICDTests.swift */; };
		8494F94329E7E057003A123A /* AppineersCICDUITests.swift in Sources */ = {isa = PBXBuildFile; fileRef = 8494F94229E7E057003A123A /* AppineersCICDUITests.swift */; };
		8494F94529E7E057003A123A /* AppineersCICDUITestsLaunchTests.swift in Sources */ = {isa = PBXBuildFile; fileRef = 8494F94429E7E057003A123A /* AppineersCICDUITestsLaunchTests.swift */; };
/* End PBXBuildFile section */

/* Begin PBXContainerItemProxy section */
		8494F93529E7E057003A123A /* PBXContainerItemProxy */ = {
			isa = PBXContainerItemProxy;
			containerPortal = 8494F91629E7E055003A123A /* Project object */;
			proxyType = 1;
			remoteGlobalIDString = 8494F91D29E7E055003A123A;
			remoteInfo = AppineersCICD;
		};
		8494F93F29E7E057003A123A /* PBXContainerItemProxy */ = {
			isa = PBXContainerItemProxy;
			containerPortal = 8494F91629E7E055003A123A /* Project object */;
			proxyType = 1;
			remoteGlobalIDString = 8494F91D29E7E055003A123A;
			remoteInfo = AppineersCICD;
		};
/* End PBXContainerItemProxy section */

/* Begin PBXFileReference section */
		8494F91E29E7E055003A123A /* AppineersCICD.app */ = {isa = PBXFileReference; explicitFileType = wrapper.application; includeInIndex = 0; path = AppineersCICD.app; sourceTree = BUILT_PRODUCTS_DIR; };
		8494F92129E7E055003A123A /* AppDelegate.swift */ = {isa = PBXFileReference; lastKnownFileType = sourcecode.swift; path = AppDelegate.swift; sourceTree = "<group>"; };
		8494F92329E7E055003A123A /* SceneDelegate.swift */ = {isa = PBXFileReference; lastKnownFileType = sourcecode.swift; path = SceneDelegate.swift; sourceTree = "<group>"; };
		8494F92529E7E055003A123A /* ViewController.swift */ = {isa = PBXFileReference; lastKnownFileType = sourcecode.swift; path = ViewController.swift; sourceTree = "<group>"; };
		8494F92829E7E055003A123A /* Base */ = {isa = PBXFileReference; lastKnownFileType = file.storyboard; name = Base; path = Base.lproj/Main.storyboard; sourceTree = "<group>"; };
		8494F92A29E7E057003A123A /* Assets.xcassets */ = {isa = PBXFileReference; lastKnownFileType = folder.assetcatalog; path = Assets.xcassets; sourceTree = "<group>"; };
		8494F92D29E7E057003A123A /* Base */ = {isa = PBXFileReference; lastKnownFileType = file.storyboard; name = Base; path = Base.lproj/LaunchScreen.storyboard; sourceTree = "<group>"; };
		8494F92F29E7E057003A123A /* Info.plist */ = {isa = PBXFileReference; lastKnownFileType = text.plist.xml; path = Info.plist; sourceTree = "<group>"; };
		8494F93429E7E057003A123A /* AppineersCICDTests.xctest */ = {isa = PBXFileReference; explicitFileType = wrapper.cfbundle; includeInIndex = 0; path = AppineersCICDTests.xctest; sourceTree = BUILT_PRODUCTS_DIR; };
		8494F93829E7E057003A123A /* AppineersCICDTests.swift */ = {isa = PBXFileReference; lastKnownFileType = sourcecode.swift; path = AppineersCICDTests.swift; sourceTree = "<group>"; };
		8494F93E29E7E057003A123A /* AppineersCICDUITests.xctest */ = {isa = PBXFileReference; explicitFileType = wrapper.cfbundle; includeInIndex = 0; path = AppineersCICDUITests.xctest; sourceTree = BUILT_PRODUCTS_DIR; };
		8494F94229E7E057003A123A /* AppineersCICDUITests.swift */ = {isa = PBXFileReference; lastKnownFileType = sourcecode.swift; path = AppineersCICDUITests.swift; sourceTree = "<group>"; };
		8494F94429E7E057003A123A /* AppineersCICDUITestsLaunchTests.swift */ = {isa = PBXFileReference; lastKnownFileType = sourcecode.swift; path = AppineersCICDUITestsLaunchTests.swift; sourceTree = "<group>"; };
/* End PBXFileReference section */

/* Begin PBXFrameworksBuildPhase section */
		8494F91B29E7E055003A123A /* Frameworks */ = {
			isa = PBXFrameworksBuildPhase;
			buildActionMask = 2147483647;
			files = (
			);
			runOnlyForDeploymentPostprocessing = 0;
		};
		8494F93129E7E057003A123A /* Frameworks */ = {
			isa = PBXFrameworksBuildPhase;
			buildActionMask = 2147483647;
			files = (
			);
			runOnlyForDeploymentPostprocessing = 0;
		};
		8494F93B29E7E057003A123A /* Frameworks */ = {
			isa = PBXFrameworksBuildPhase;
			buildActionMask = 2147483647;
			files = (
			);
			runOnlyForDeploymentPostprocessing = 0;
		};
/* End PBXFrameworksBuildPhase section */

/* Begin PBXGroup section */
		8494F91529E7E055003A123A = {
			isa = PBXGroup;
			children = (
				8494F92029E7E055003A123A /* AppineersCICD */,
				8494F93729E7E057003A123A /* AppineersCICDTests */,
				8494F94129E7E057003A123A /* AppineersCICDUITests */,
				8494F91F29E7E055003A123A /* Products */,
			);
			sourceTree = "<group>";
		};
		8494F91F29E7E055003A123A /* Products */ = {
			isa = PBXGroup;
			children = (
				8494F91E29E7E055003A123A /* AppineersCICD.app */,
				8494F93429E7E057003A123A /* AppineersCICDTests.xctest */,
				8494F93E29E7E057003A123A /* AppineersCICDUITests.xctest */,
			);
			name = Products;
			sourceTree = "<group>";
		};
		8494F92029E7E055003A123A /* AppineersCICD */ = {
			isa = PBXGroup;
			children = (
				8494F92129E7E055003A123A /* AppDelegate.swift */,
				8494F92329E7E055003A123A /* SceneDelegate.swift */,
				8494F92529E7E055003A123A /* ViewController.swift */,
				8494F92729E7E055003A123A /* Main.storyboard */,
				8494F92A29E7E057003A123A /* Assets.xcassets */,
				8494F92C29E7E057003A123A /* LaunchScreen.storyboard */,
				8494F92F29E7E057003A123A /* Info.plist */,
			);
			path = AppineersCICD;
			sourceTree = "<group>";
		};
		8494F93729E7E057003A123A /* AppineersCICDTests */ = {
			isa = PBXGroup;
			children = (
				8494F93829E7E057003A123A /* AppineersCICDTests.swift */,
			);
			path = AppineersCICDTests;
			sourceTree = "<group>";
		};
		8494F94129E7E057003A123A /* AppineersCICDUITests */ = {
			isa = PBXGroup;
			children = (
				8494F94229E7E057003A123A /* AppineersCICDUITests.swift */,
				8494F94429E7E057003A123A /* AppineersCICDUITestsLaunchTests.swift */,
			);
			path = AppineersCICDUITests;
			sourceTree = "<group>";
		};
/* End PBXGroup section */

/* Begin PBXNativeTarget section */
		8494F91D29E7E055003A123A /* AppineersCICD */ = {
			isa = PBXNativeTarget;
			buildConfigurationList = 8494F94829E7E057003A123A /* Build configuration list for PBXNativeTarget "AppineersCICD" */;
			buildPhases = (
				8494F91A29E7E055003A123A /* Sources */,
				8494F91B29E7E055003A123A /* Frameworks */,
				8494F91C29E7E055003A123A /* Resources */,
			);
			buildRules = (
			);
			dependencies = (
			);
			name = AppineersCICD;
			productName = AppineersCICD;
			productReference = 8494F91E29E7E055003A123A /* AppineersCICD.app */;
			productType = "com.apple.product-type.application";
		};
		8494F93329E7E057003A123A /* AppineersCICDTests */ = {
			isa = PBXNativeTarget;
			buildConfigurationList = 8494F94B29E7E057003A123A /* Build configuration list for PBXNativeTarget "AppineersCICDTests" */;
			buildPhases = (
				8494F93029E7E057003A123A /* Sources */,
				8494F93129E7E057003A123A /* Frameworks */,
				8494F93229E7E057003A123A /* Resources */,
			);
			buildRules = (
			);
			dependencies = (
				8494F93629E7E057003A123A /* PBXTargetDependency */,
			);
			name = AppineersCICDTests;
			productName = AppineersCICDTests;
			productReference = 8494F93429E7E057003A123A /* AppineersCICDTests.xctest */;
			productType = "com.apple.product-type.bundle.unit-test";
		};
		8494F93D29E7E057003A123A /* AppineersCICDUITests */ = {
			isa = PBXNativeTarget;
			buildConfigurationList = 8494F94E29E7E057003A123A /* Build configuration list for PBXNativeTarget "AppineersCICDUITests" */;
			buildPhases = (
				8494F93A29E7E057003A123A /* Sources */,
				8494F93B29E7E057003A123A /* Frameworks */,
				8494F93C29E7E057003A123A /* Resources */,
			);
			buildRules = (
			);
			dependencies = (
				8494F94029E7E057003A123A /* PBXTargetDependency */,
			);
			name = AppineersCICDUITests;
			productName = AppineersCICDUITests;
			productReference = 8494F93E29E7E057003A123A /* AppineersCICDUITests.xctest */;
			productType = "com.apple.product-type.bundle.ui-testing";
		};
/* End PBXNativeTarget section */

/* Begin PBXProject section */
		8494F91629E7E055003A123A /* Project object */ = {
			isa = PBXProject;
			attributes = {
				BuildIndependentTargetsInParallel = 1;
				LastSwiftUpdateCheck = 1410;
				LastUpgradeCheck = 1410;
				TargetAttributes = {
					8494F91D29E7E055003A123A = {
						CreatedOnToolsVersion = 14.1;
					};
					8494F93329E7E057003A123A = {
						CreatedOnToolsVersion = 14.1;
						TestTargetID = 8494F91D29E7E055003A123A;
					};
					8494F93D29E7E057003A123A = {
						CreatedOnToolsVersion = 14.1;
						TestTargetID = 8494F91D29E7E055003A123A;
					};
				};
			};
			buildConfigurationList = 8494F91929E7E055003A123A /* Build configuration list for PBXProject "AppineersCICD" */;
			compatibilityVersion = "Xcode 14.0";
			developmentRegion = en;
			hasScannedForEncodings = 0;
			knownRegions = (
				en,
				Base,
			);
			mainGroup = 8494F91529E7E055003A123A;
			productRefGroup = 8494F91F29E7E055003A123A /* Products */;
			projectDirPath = "";
			projectRoot = "";
			targets = (
				8494F91D29E7E055003A123A /* AppineersCICD */,
				8494F93329E7E057003A123A /* AppineersCICDTests */,
				8494F93D29E7E057003A123A /* AppineersCICDUITests */,
			);
		};
/* End PBXProject section */

/* Begin PBXResourcesBuildPhase section */
		8494F91C29E7E055003A123A /* Resources */ = {
			isa = PBXResourcesBuildPhase;
			buildActionMask = 2147483647;
			files = (
				8494F92E29E7E057003A123A /* LaunchScreen.storyboard in Resources */,
				8494F92B29E7E057003A123A /* Assets.xcassets in Resources */,
				8494F92929E7E055003A123A /* Main.storyboard in Resources */,
			);
			runOnlyForDeploymentPostprocessing = 0;
		};
		8494F93229E7E057003A123A /* Resources */ = {
			isa = PBXResourcesBuildPhase;
			buildActionMask = 2147483647;
			files = (
			);
			runOnlyForDeploymentPostprocessing = 0;
		};
		8494F93C29E7E057003A123A /* Resources */ = {
			isa = PBXResourcesBuildPhase;
			buildActionMask = 2147483647;
			files = (
			);
			runOnlyForDeploymentPostprocessing = 0;
		};
/* End PBXResourcesBuildPhase section */

/* Begin PBXSourcesBuildPhase section */
		8494F91A29E7E055003A123A /* Sources */ = {
			isa = PBXSourcesBuildPhase;
			buildActionMask = 2147483647;
			files = (
				8494F92629E7E055003A123A /* ViewController.swift in Sources */,
				8494F92229E7E055003A123A /* AppDelegate.swift in Sources */,
				8494F92429E7E055003A123A /* SceneDelegate.swift in Sources */,
			);
			runOnlyForDeploymentPostprocessing = 0;
		};
		8494F93029E7E057003A123A /* Sources */ = {
			isa = PBXSourcesBuildPhase;
			buildActionMask = 2147483647;
			files = (
				8494F93929E7E057003A123A /* AppineersCICDTests.swift in Sources */,
			);
			runOnlyForDeploymentPostprocessing = 0;
		};
		8494F93A29E7E057003A123A /* Sources */ = {
			isa = PBXSourcesBuildPhase;
			buildActionMask = 2147483647;
			files = (
				8494F94329E7E057003A123A /* AppineersCICDUITests.swift in Sources */,
				8494F94529E7E057003A123A /* AppineersCICDUITestsLaunchTests.swift in Sources */,
			);
			runOnlyForDeploymentPostprocessing = 0;
		};
/* End PBXSourcesBuildPhase section */

/* Begin PBXTargetDependency section */
		8494F93629E7E057003A123A /* PBXTargetDependency */ = {
			isa = PBXTargetDependency;
			target = 8494F91D29E7E055003A123A /* AppineersCICD */;
			targetProxy = 8494F93529E7E057003A123A /* PBXContainerItemProxy */;
		};
		8494F94029E7E057003A123A /* PBXTargetDependency */ = {
			isa = PBXTargetDependency;
			target = 8494F91D29E7E055003A123A /* AppineersCICD */;
			targetProxy = 8494F93F29E7E057003A123A /* PBXContainerItemProxy */;
		};
/* End PBXTargetDependency section */

/* Begin PBXVariantGroup section */
		8494F92729E7E055003A123A /* Main.storyboard */ = {
			isa = PBXVariantGroup;
			children = (
				8494F92829E7E055003A123A /* Base */,
			);
			name = Main.storyboard;
			sourceTree = "<group>";
		};
		8494F92C29E7E057003A123A /* LaunchScreen.storyboard */ = {
			isa = PBXVariantGroup;
			children = (
				8494F92D29E7E057003A123A /* Base */,
			);
			name = LaunchScreen.storyboard;
			sourceTree = "<group>";
		};
/* End PBXVariantGroup section */

/* Begin XCBuildConfiguration section */
		8494F94629E7E057003A123A /* Debug */ = {
			isa = XCBuildConfiguration;
			buildSettings = {
				ALWAYS_SEARCH_USER_PATHS = NO;
				CLANG_ANALYZER_NONNULL = YES;
				CLANG_ANALYZER_NUMBER_OBJECT_CONVERSION = YES_AGGRESSIVE;
				CLANG_CXX_LANGUAGE_STANDARD = "gnu++20";
				CLANG_ENABLE_MODULES = YES;
				CLANG_ENABLE_OBJC_ARC = YES;
				CLANG_ENABLE_OBJC_WEAK = YES;
				CLANG_WARN_BLOCK_CAPTURE_AUTORELEASING = YES;
				CLANG_WARN_BOOL_CONVERSION = YES;
				CLANG_WARN_COMMA = YES;
				CLANG_WARN_CONSTANT_CONVERSION = YES;
				CLANG_WARN_DEPRECATED_OBJC_IMPLEMENTATIONS = YES;
				CLANG_WARN_DIRECT_OBJC_ISA_USAGE = YES_ERROR;
				CLANG_WARN_DOCUMENTATION_COMMENTS = YES;
				CLANG_WARN_EMPTY_BODY = YES;
				CLANG_WARN_ENUM_CONVERSION = YES;
				CLANG_WARN_INFINITE_RECURSION = YES;
				CLANG_WARN_INT_CONVERSION = YES;
				CLANG_WARN_NON_LITERAL_NULL_CONVERSION = YES;
				CLANG_WARN_OBJC_IMPLICIT_RETAIN_SELF = YES;
				CLANG_WARN_OBJC_LITERAL_CONVERSION = YES;
				CLANG_WARN_OBJC_ROOT_CLASS = YES_ERROR;
				CLANG_WARN_QUOTED_INCLUDE_IN_FRAMEWORK_HEADER = YES;
				CLANG_WARN_RANGE_LOOP_ANALYSIS = YES;
				CLANG_WARN_STRICT_PROTOTYPES = YES;
				CLANG_WARN_SUSPICIOUS_MOVE = YES;
				CLANG_WARN_UNGUARDED_AVAILABILITY = YES_AGGRESSIVE;
				CLANG_WARN_UNREACHABLE_CODE = YES;
				CLANG_WARN__DUPLICATE_METHOD_MATCH = YES;
				COPY_PHASE_STRIP = NO;
				DEBUG_INFORMATION_FORMAT = dwarf;
				ENABLE_STRICT_OBJC_MSGSEND = YES;
				ENABLE_TESTABILITY = YES;
				GCC_C_LANGUAGE_STANDARD = gnu11;
				GCC_DYNAMIC_NO_PIC = NO;
				GCC_NO_COMMON_BLOCKS = YES;
				GCC_OPTIMIZATION_LEVEL = 0;
				GCC_PREPROCESSOR_DEFINITIONS = (
					"DEBUG=1",
					"$(inherited)",
				);
				GCC_WARN_64_TO_32_BIT_CONVERSION = YES;
				GCC_WARN_ABOUT_RETURN_TYPE = YES_ERROR;
				GCC_WARN_UNDECLARED_SELECTOR = YES;
				GCC_WARN_UNINITIALIZED_AUTOS = YES_AGGRESSIVE;
				GCC_WARN_UNUSED_FUNCTION = YES;
				GCC_WARN_UNUSED_VARIABLE = YES;
				IPHONEOS_DEPLOYMENT_TARGET = 16.1;
				MTL_ENABLE_DEBUG_INFO = INCLUDE_SOURCE;
				MTL_FAST_MATH = YES;
				ONLY_ACTIVE_ARCH = YES;
				SDKROOT = iphoneos;
				SWIFT_ACTIVE_COMPILATION_CONDITIONS = DEBUG;
				SWIFT_OPTIMIZATION_LEVEL = "-Onone";
			};
			name = Debug;
		};
		8494F94729E7E057003A123A /* Release */ = {
			isa = XCBuildConfiguration;
			buildSettings = {
				ALWAYS_SEARCH_USER_PATHS = NO;
				CLANG_ANALYZER_NONNULL = YES;
				CLANG_ANALYZER_NUMBER_OBJECT_CONVERSION = YES_AGGRESSIVE;
				CLANG_CXX_LANGUAGE_STANDARD = "gnu++20";
				CLANG_ENABLE_MODULES = YES;
				CLANG_ENABLE_OBJC_ARC = YES;
				CLANG_ENABLE_OBJC_WEAK = YES;
				CLANG_WARN_BLOCK_CAPTURE_AUTORELEASING = YES;
				CLANG_WARN_BOOL_CONVERSION = YES;
				CLANG_WARN_COMMA = YES;
				CLANG_WARN_CONSTANT_CONVERSION = YES;
				CLANG_WARN_DEPRECATED_OBJC_IMPLEMENTATIONS = YES;
				CLANG_WARN_DIRECT_OBJC_ISA_USAGE = YES_ERROR;
				CLANG_WARN_DOCUMENTATION_COMMENTS = YES;
				CLANG_WARN_EMPTY_BODY = YES;
				CLANG_WARN_ENUM_CONVERSION = YES;
				CLANG_WARN_INFINITE_RECURSION = YES;
				CLANG_WARN_INT_CONVERSION = YES;
				CLANG_WARN_NON_LITERAL_NULL_CONVERSION = YES;
				CLANG_WARN_OBJC_IMPLICIT_RETAIN_SELF = YES;
				CLANG_WARN_OBJC_LITERAL_CONVERSION = YES;
				CLANG_WARN_OBJC_ROOT_CLASS = YES_ERROR;
				CLANG_WARN_QUOTED_INCLUDE_IN_FRAMEWORK_HEADER = YES;
				CLANG_WARN_RANGE_LOOP_ANALYSIS = YES;
				CLANG_WARN_STRICT_PROTOTYPES = YES;
				CLANG_WARN_SUSPICIOUS_MOVE = YES;
				CLANG_WARN_UNGUARDED_AVAILABILITY = YES_AGGRESSIVE;
				CLANG_WARN_UNREACHABLE_CODE = YES;
				CLANG_WARN__DUPLICATE_METHOD_MATCH = YES;
				COPY_PHASE_STRIP = NO;
				DEBUG_INFORMATION_FORMAT = "dwarf-with-dsym";
				ENABLE_NS_ASSERTIONS = NO;
				ENABLE_STRICT_OBJC_MSGSEND = YES;
				GCC_C_LANGUAGE_STANDARD = gnu11;
				GCC_NO_COMMON_BLOCKS = YES;
				GCC_WARN_64_TO_32_BIT_CONVERSION = YES;
				GCC_WARN_ABOUT_RETURN_TYPE = YES_ERROR;
				GCC_WARN_UNDECLARED_SELECTOR = YES;
				GCC_WARN_UNINITIALIZED_AUTOS = YES_AGGRESSIVE;
				GCC_WARN_UNUSED_FUNCTION = YES;
				GCC_WARN_UNUSED_VARIABLE = YES;
				IPHONEOS_DEPLOYMENT_TARGET = 16.1;
				MTL_ENABLE_DEBUG_INFO = NO;
				MTL_FAST_MATH = YES;
				SDKROOT = iphoneos;
				SWIFT_COMPILATION_MODE = wholemodule;
				SWIFT_OPTIMIZATION_LEVEL = "-O";
				VALIDATE_PRODUCT = YES;
			};
			name = Release;
		};
		8494F94929E7E057003A123A /* Debug */ = {
			isa = XCBuildConfiguration;
			buildSettings = {
				ASSETCATALOG_COMPILER_APPICON_NAME = AppIcon;
				ASSETCATALOG_COMPILER_GLOBAL_ACCENT_COLOR_NAME = AccentColor;
				CODE_SIGN_STYLE = Automatic;
				CURRENT_PROJECT_VERSION = 1;
				DEVELOPMENT_TEAM = NPMQJ6P5X4;
				GENERATE_INFOPLIST_FILE = YES;
				INFOPLIST_FILE = AppineersCICD/Info.plist;
				INFOPLIST_KEY_UIApplicationSupportsIndirectInputEvents = YES;
				INFOPLIST_KEY_UILaunchStoryboardName = LaunchScreen;
				INFOPLIST_KEY_UIMainStoryboardFile = Main;
				INFOPLIST_KEY_UISupportedInterfaceOrientations_iPad = "UIInterfaceOrientationPortrait UIInterfaceOrientationPortraitUpsideDown UIInterfaceOrientationLandscapeLeft UIInterfaceOrientationLandscapeRight";
				INFOPLIST_KEY_UISupportedInterfaceOrientations_iPhone = "UIInterfaceOrientationPortrait UIInterfaceOrientationLandscapeLeft UIInterfaceOrientationLandscapeRight";
				LD_RUNPATH_SEARCH_PATHS = (
					"$(inherited)",
					"@executable_path/Frameworks",
				);
				MARKETING_VERSION = 1.0;
				PRODUCT_BUNDLE_IDENTIFIER = com.appineers.AppineersCICD;
				PRODUCT_NAME = "$(TARGET_NAME)";
				SWIFT_EMIT_LOC_STRINGS = YES;
				SWIFT_VERSION = 5.0;
				TARGETED_DEVICE_FAMILY = "1,2";
			};
			name = Debug;
		};
		8494F94A29E7E057003A123A /* Release */ = {
			isa = XCBuildConfiguration;
			buildSettings = {
				ASSETCATALOG_COMPILER_APPICON_NAME = AppIcon;
				ASSETCATALOG_COMPILER_GLOBAL_ACCENT_COLOR_NAME = AccentColor;
				CODE_SIGN_STYLE = Automatic;
				CURRENT_PROJECT_VERSION = 1;
				DEVELOPMENT_TEAM = NPMQJ6P5X4;
				GENERATE_INFOPLIST_FILE = YES;
				INFOPLIST_FILE = AppineersCICD/Info.plist;
				INFOPLIST_KEY_UIApplicationSupportsIndirectInputEvents = YES;
				INFOPLIST_KEY_UILaunchStoryboardName = LaunchScreen;
				INFOPLIST_KEY_UIMainStoryboardFile = Main;
				INFOPLIST_KEY_UISupportedInterfaceOrientations_iPad = "UIInterfaceOrientationPortrait UIInterfaceOrientationPortraitUpsideDown UIInterfaceOrientationLandscapeLeft UIInterfaceOrientationLandscapeRight";
				INFOPLIST_KEY_UISupportedInterfaceOrientations_iPhone = "UIInterfaceOrientationPortrait UIInterfaceOrientationLandscapeLeft UIInterfaceOrientationLandscapeRight";
				LD_RUNPATH_SEARCH_PATHS = (
					"$(inherited)",
					"@executable_path/Frameworks",
				);
				MARKETING_VERSION = 1.0;
				PRODUCT_BUNDLE_IDENTIFIER = com.appineers.AppineersCICD;
				PRODUCT_NAME = "$(TARGET_NAME)";
				SWIFT_EMIT_LOC_STRINGS = YES;
				SWIFT_VERSION = 5.0;
				TARGETED_DEVICE_FAMILY = "1,2";
			};
			name = Release;
		};
		8494F94C29E7E057003A123A /* Debug */ = {
			isa = XCBuildConfiguration;
			buildSettings = {
				ALWAYS_EMBED_SWIFT_STANDARD_LIBRARIES = YES;
				BUNDLE_LOADER = "$(TEST_HOST)";
				CODE_SIGN_STYLE = Automatic;
				CURRENT_PROJECT_VERSION = 1;
				DEVELOPMENT_TEAM = NPMQJ6P5X4;
				GENERATE_INFOPLIST_FILE = YES;
				IPHONEOS_DEPLOYMENT_TARGET = 16.1;
				MARKETING_VERSION = 1.0;
				PRODUCT_BUNDLE_IDENTIFIER = com.exercise.AppineersCICDTests;
				PRODUCT_NAME = "$(TARGET_NAME)";
				SWIFT_EMIT_LOC_STRINGS = NO;
				SWIFT_VERSION = 5.0;
				TARGETED_DEVICE_FAMILY = "1,2";
				TEST_HOST = "$(BUILT_PRODUCTS_DIR)/AppineersCICD.app/$(BUNDLE_EXECUTABLE_FOLDER_PATH)/AppineersCICD";
			};
			name = Debug;
		};
		8494F94D29E7E057003A123A /* Release */ = {
			isa = XCBuildConfiguration;
			buildSettings = {
				ALWAYS_EMBED_SWIFT_STANDARD_LIBRARIES = YES;
				BUNDLE_LOADER = "$(TEST_HOST)";
				CODE_SIGN_STYLE = Automatic;
				CURRENT_PROJECT_VERSION = 1;
				DEVELOPMENT_TEAM = NPMQJ6P5X4;
				GENERATE_INFOPLIST_FILE = YES;
				IPHONEOS_DEPLOYMENT_TARGET = 16.1;
				MARKETING_VERSION = 1.0;
				PRODUCT_BUNDLE_IDENTIFIER = com.exercise.AppineersCICDTests;
				PRODUCT_NAME = "$(TARGET_NAME)";
				SWIFT_EMIT_LOC_STRINGS = NO;
				SWIFT_VERSION = 5.0;
				TARGETED_DEVICE_FAMILY = "1,2";
				TEST_HOST = "$(BUILT_PRODUCTS_DIR)/AppineersCICD.app/$(BUNDLE_EXECUTABLE_FOLDER_PATH)/AppineersCICD";
			};
			name = Release;
		};
		8494F94F29E7E057003A123A /* Debug */ = {
			isa = XCBuildConfiguration;
			buildSettings = {
				ALWAYS_EMBED_SWIFT_STANDARD_LIBRARIES = YES;
				CODE_SIGN_STYLE = Automatic;
				CURRENT_PROJECT_VERSION = 1;
				DEVELOPMENT_TEAM = NPMQJ6P5X4;
				GENERATE_INFOPLIST_FILE = YES;
				MARKETING_VERSION = 1.0;
				PRODUCT_BUNDLE_IDENTIFIER = com.exercise.AppineersCICDUITests;
				PRODUCT_NAME = "$(TARGET_NAME)";
				SWIFT_EMIT_LOC_STRINGS = NO;
				SWIFT_VERSION = 5.0;
				TARGETED_DEVICE_FAMILY = "1,2";
				TEST_TARGET_NAME = AppineersCICD;
			};
			name = Debug;
		};
		8494F95029E7E057003A123A /* Release */ = {
			isa = XCBuildConfiguration;
			buildSettings = {
				ALWAYS_EMBED_SWIFT_STANDARD_LIBRARIES = YES;
				CODE_SIGN_STYLE = Automatic;
				CURRENT_PROJECT_VERSION = 1;
				DEVELOPMENT_TEAM = NPMQJ6P5X4;
				GENERATE_INFOPLIST_FILE = YES;
				MARKETING_VERSION = 1.0;
				PRODUCT_BUNDLE_IDENTIFIER = com.exercise.AppineersCICDUITests;
				PRODUCT_NAME = "$(TARGET_NAME)";
				SWIFT_EMIT_LOC_STRINGS = NO;
				SWIFT_VERSION = 5.0;
				TARGETED_DEVICE_FAMILY = "1,2";
				TEST_TARGET_NAME = AppineersCICD;
			};
			name = Release;
		};
/* End XCBuildConfiguration section */

/* Begin XCConfigurationList section */
		8494F91929E7E055003A123A /* Build configuration list for PBXProject "AppineersCICD" */ = {
			isa = XCConfigurationList;
			buildConfigurations = (
				8494F94629E7E057003A123A /* Debug */,
				8494F94729E7E057003A123A /* Release */,
			);
			defaultConfigurationIsVisible = 0;
			defaultConfigurationName = Release;
		};
		8494F94829E7E057003A123A /* Build configuration list for PBXNativeTarget "AppineersCICD" */ = {
			isa = XCConfigurationList;
			buildConfigurations = (
				8494F94929E7E057003A123A /* Debug */,
				8494F94A29E7E057003A123A /* Release */,
			);
			defaultConfigurationIsVisible = 0;
			defaultConfigurationName = Release;
		};
		8494F94B29E7E057003A123A /* Build configuration list for PBXNativeTarget "AppineersCICDTests" */ = {
			isa = XCConfigurationList;
			buildConfigurations = (
				8494F94C29E7E057003A123A /* Debug */,
				8494F94D29E7E057003A123A /* Release */,
			);
			defaultConfigurationIsVisible = 0;
			defaultConfigurationName = Release;
		};
		8494F94E29E7E057003A123A /* Build configuration list for PBXNativeTarget "AppineersCICDUITests" */ = {
			isa = XCConfigurationList;
			buildConfigurations = (
				8494F94F29E7E057003A123A /* Debug */,
				8494F95029E7E057003A123A /* Release */,
			);
			defaultConfigurationIsVisible = 0;
			defaultConfigurationName = Release;
		};
/* End XCConfigurationList section */
	};
	rootObject = 8494F91629E7E055003A123A /* Project object */;
}
